
Microsoft Visual Studio Solution File, Format Version 12.00
# Visual Studio Version 16
VisualStudioVersion = 16.0.31019.35
MinimumVisualStudioVersion = 10.0.40219.1
Project("{9A19103F-16F7-4668-BE54-9A1E7A4F7556}") = "Demo", "Demo\Demo.csproj", "{49526D89-E56C-4ECC-8D7A-81BFD8439205}"
EndProject
Project("{FAE04EC0-301F-11D3-BF4B-00C04F79EFBC}") = "ReactiveDemo", "ReactiveDemo\ReactiveDemo.csproj", "{20F66C42-5616-4B5E-BADB-5E9C560A8BA3}"
EndProject
Global
	GlobalSection(SolutionConfigurationPlatforms) = preSolution
		Debug|Any CPU = Debug|Any CPU
		Release|Any CPU = Release|Any CPU
	EndGlobalSection
	GlobalSection(ProjectConfigurationPlatforms) = postSolution
		{49526D89-E56C-4ECC-8D7A-81BFD8439205}.Debug|Any CPU.ActiveCfg = Debug|Any CPU
		{49526D89-E56C-4ECC-8D7A-81BFD8439205}.Debug|Any CPU.Build.0 = Debug|Any CPU
		{49526D89-E56C-4ECC-8D7A-81BFD8439205}.Release|Any CPU.ActiveCfg = Release|Any CPU
		{49526D89-E56C-4ECC-8D7A-81BFD8439205}.Release|Any CPU.Build.0 = Release|Any CPU
		{20F66C42-5616-4B5E-BADB-5E9C560A8BA3}.Debug|Any CPU.ActiveCfg = Debug|Any CPU
		{20F66C42-5616-4B5E-BADB-5E9C560A8BA3}.Debug|Any CPU.Build.0 = Debug|Any CPU
		{20F66C42-5616-4B5E-BADB-5E9C560A8BA3}.Release|Any CPU.ActiveCfg = Release|Any CPU
		{20F66C42-5616-4B5E-BADB-5E9C560A8BA3}.Release|Any CPU.Build.0 = Release|Any CPU
	EndGlobalSection
	GlobalSection(SolutionProperties) = preSolution
		HideSolutionNode = FALSE
	EndGlobalSection
	GlobalSection(ExtensibilityGlobals) = postSolution
		SolutionGuid = {3799B8BA-13B7-4F84-84A5-E26595E40B97}
	EndGlobalSection
EndGlobal
